// !$*UTF8*$!
{
	archiveVersion = 1;
	classes = {
	};
	objectVersion = 50;
	objects = {

/* Begin PBXBuildFile section */
		A203C0952515ABEC005AEFB3 /* TableViewController.swift in Sources */ = {isa = PBXBuildFile; fileRef = A203C0942515ABEC005AEFB3 /* TableViewController.swift */; };
		A203C0972515BC1A005AEFB3 /* AnimeTableViewCell.swift in Sources */ = {isa = PBXBuildFile; fileRef = A203C0962515BC1A005AEFB3 /* AnimeTableViewCell.swift */; };
		A203C0992518B5F1005AEFB3 /* ViewControllerDETAIL.swift in Sources */ = {isa = PBXBuildFile; fileRef = A203C0982518B5F1005AEFB3 /* ViewControllerDETAIL.swift */; };
		A21A6E71250FA6BC00931BEE /* AnimeRequest.swift in Sources */ = {isa = PBXBuildFile; fileRef = A21A6E70250FA6BC00931BEE /* AnimeRequest.swift */; };
		A21A6E73250FAF8900931BEE /* AnimeCollection.swift in Sources */ = {isa = PBXBuildFile; fileRef = A21A6E72250FAF8900931BEE /* AnimeCollection.swift */; };
		A2233A3D24D871F100C8BFDD /* AppDelegate.swift in Sources */ = {isa = PBXBuildFile; fileRef = A2233A3C24D871F100C8BFDD /* AppDelegate.swift */; };
		A2233A3F24D871F100C8BFDD /* SceneDelegate.swift in Sources */ = {isa = PBXBuildFile; fileRef = A2233A3E24D871F100C8BFDD /* SceneDelegate.swift */; };
		A2233A4124D871F100C8BFDD /* ViewController.swift in Sources */ = {isa = PBXBuildFile; fileRef = A2233A4024D871F100C8BFDD /* ViewController.swift */; };
		A2233A4424D871F100C8BFDD /* Main.storyboard in Resources */ = {isa = PBXBuildFile; fileRef = A2233A4224D871F100C8BFDD /* Main.storyboard */; };
		A2233A4624D871F200C8BFDD /* Assets.xcassets in Resources */ = {isa = PBXBuildFile; fileRef = A2233A4524D871F200C8BFDD /* Assets.xcassets */; };
		A2233A4924D871F200C8BFDD /* LaunchScreen.storyboard in Resources */ = {isa = PBXBuildFile; fileRef = A2233A4724D871F200C8BFDD /* LaunchScreen.storyboard */; };
/* End PBXBuildFile section */

/* Begin PBXFileReference section */
		A203C0942515ABEC005AEFB3 /* TableViewController.swift */ = {isa = PBXFileReference; lastKnownFileType = sourcecode.swift; path = TableViewController.swift; sourceTree = "<group>"; };
		A203C0962515BC1A005AEFB3 /* AnimeTableViewCell.swift */ = {isa = PBXFileReference; lastKnownFileType = sourcecode.swift; path = AnimeTableViewCell.swift; sourceTree = "<group>"; };
		A203C0982518B5F1005AEFB3 /* ViewControllerDETAIL.swift */ = {isa = PBXFileReference; lastKnownFileType = sourcecode.swift; path = ViewControllerDETAIL.swift; sourceTree = "<group>"; };
		A21A6E70250FA6BC00931BEE /* AnimeRequest.swift */ = {isa = PBXFileReference; lastKnownFileType = sourcecode.swift; path = AnimeRequest.swift; sourceTree = "<group>"; };
		A21A6E72250FAF8900931BEE /* AnimeCollection.swift */ = {isa = PBXFileReference; lastKnownFileType = sourcecode.swift; path = AnimeCollection.swift; sourceTree = "<group>"; };
		A2233A3924D871F100C8BFDD /* AnimeStarts.app */ = {isa = PBXFileReference; explicitFileType = wrapper.application; includeInIndex = 0; path = AnimeStarts.app; sourceTree = BUILT_PRODUCTS_DIR; };
		A2233A3C24D871F100C8BFDD /* AppDelegate.swift */ = {isa = PBXFileReference; lastKnownFileType = sourcecode.swift; path = AppDelegate.swift; sourceTree = "<group>"; };
		A2233A3E24D871F100C8BFDD /* SceneDelegate.swift */ = {isa = PBXFileReference; lastKnownFileType = sourcecode.swift; path = SceneDelegate.swift; sourceTree = "<group>"; };
		A2233A4024D871F100C8BFDD /* ViewController.swift */ = {isa = PBXFileReference; lastKnownFileType = sourcecode.swift; path = ViewController.swift; sourceTree = "<group>"; };
		A2233A4324D871F100C8BFDD /* Base */ = {isa = PBXFileReference; lastKnownFileType = file.storyboard; name = Base; path = Base.lproj/Main.storyboard; sourceTree = "<group>"; };
		A2233A4524D871F200C8BFDD /* Assets.xcassets */ = {isa = PBXFileReference; lastKnownFileType = folder.assetcatalog; path = Assets.xcassets; sourceTree = "<group>"; };
		A2233A4824D871F200C8BFDD /* Base */ = {isa = PBXFileReference; lastKnownFileType = file.storyboard; name = Base; path = Base.lproj/LaunchScreen.storyboard; sourceTree = "<group>"; };
		A2233A4A24D871F200C8BFDD /* Info.plist */ = {isa = PBXFileReference; lastKnownFileType = text.plist.xml; path = Info.plist; sourceTree = "<group>"; };
/* End PBXFileReference section */

/* Begin PBXFrameworksBuildPhase section */
		A2233A3624D871F100C8BFDD /* Frameworks */ = {
			isa = PBXFrameworksBuildPhase;
			buildActionMask = 2147483647;
			files = (
			);
			runOnlyForDeploymentPostprocessing = 0;
		};
/* End PBXFrameworksBuildPhase section */

/* Begin PBXGroup section */
		A2233A3024D871F000C8BFDD = {
			isa = PBXGroup;
			children = (
				A2233A3B24D871F100C8BFDD /* AnimeStarts */,
				A2233A3A24D871F100C8BFDD /* Products */,
			);
			sourceTree = "<group>";
		};
		A2233A3A24D871F100C8BFDD /* Products */ = {
			isa = PBXGroup;
			children = (
				A2233A3924D871F100C8BFDD /* AnimeStarts.app */,
			);
			name = Products;
			sourceTree = "<group>";
		};
		A2233A3B24D871F100C8BFDD /* AnimeStarts */ = {
			isa = PBXGroup;
			children = (
				A2233A3C24D871F100C8BFDD /* AppDelegate.swift */,
				A21A6E72250FAF8900931BEE /* AnimeCollection.swift */,
				A21A6E70250FA6BC00931BEE /* AnimeRequest.swift */,
				A2233A3E24D871F100C8BFDD /* SceneDelegate.swift */,
				A2233A4024D871F100C8BFDD /* ViewController.swift */,
				A203C0942515ABEC005AEFB3 /* TableViewController.swift */,
				A203C0962515BC1A005AEFB3 /* AnimeTableViewCell.swift */,
				A2233A4224D871F100C8BFDD /* Main.storyboard */,
				A203C0982518B5F1005AEFB3 /* ViewControllerDETAIL.swift */,
				A2233A4524D871F200C8BFDD /* Assets.xcassets */,
				A2233A4724D871F200C8BFDD /* LaunchScreen.storyboard */,
				A2233A4A24D871F200C8BFDD /* Info.plist */,
			);
			path = AnimeStarts;
			sourceTree = "<group>";
		};
/* End PBXGroup section */

/* Begin PBXNativeTarget section */
		A2233A3824D871F100C8BFDD /* AnimeStarts */ = {
			isa = PBXNativeTarget;
			buildConfigurationList = A2233A4D24D871F200C8BFDD /* Build configuration list for PBXNativeTarget "AnimeStarts" */;
			buildPhases = (
				A2233A3524D871F100C8BFDD /* Sources */,
				A2233A3624D871F100C8BFDD /* Frameworks */,
				A2233A3724D871F100C8BFDD /* Resources */,
			);
			buildRules = (
			);
			dependencies = (
			);
			name = AnimeStarts;
			productName = AnimeStarts;
			productReference = A2233A3924D871F100C8BFDD /* AnimeStarts.app */;
			productType = "com.apple.product-type.application";
		};
/* End PBXNativeTarget section */

/* Begin PBXProject section */
		A2233A3124D871F000C8BFDD /* Project object */ = {
			isa = PBXProject;
			attributes = {
				LastSwiftUpdateCheck = 1130;
				LastUpgradeCheck = 1130;
				ORGANIZATIONNAME = "Talmage Hassell";
				TargetAttributes = {
					A2233A3824D871F100C8BFDD = {
						CreatedOnToolsVersion = 11.3.1;
					};
				};
			};
			buildConfigurationList = A2233A3424D871F000C8BFDD /* Build configuration list for PBXProject "AnimeStarts" */;
			compatibilityVersion = "Xcode 9.3";
			developmentRegion = en;
			hasScannedForEncodings = 0;
			knownRegions = (
				en,
				Base,
			);
			mainGroup = A2233A3024D871F000C8BFDD;
			productRefGroup = A2233A3A24D871F100C8BFDD /* Products */;
			projectDirPath = "";
			projectRoot = "";
			targets = (
				A2233A3824D871F100C8BFDD /* AnimeStarts */,
			);
		};
/* End PBXProject section */

/* Begin PBXResourcesBuildPhase section */
		A2233A3724D871F100C8BFDD /* Resources */ = {
			isa = PBXResourcesBuildPhase;
			buildActionMask = 2147483647;
			files = (
				A2233A4924D871F200C8BFDD /* LaunchScreen.storyboard in Resources */,
				A2233A4624D871F200C8BFDD /* Assets.xcassets in Resources */,
				A2233A4424D871F100C8BFDD /* Main.storyboard in Resources */,
			);
			runOnlyForDeploymentPostprocessing = 0;
		};
/* End PBXResourcesBuildPhase section */

/* Begin PBXSourcesBuildPhase section */
		A2233A3524D871F100C8BFDD /* Sources */ = {
			isa = PBXSourcesBuildPhase;
			buildActionMask = 2147483647;
			files = (
				A203C0972515BC1A005AEFB3 /* AnimeTableViewCell.swift in Sources */,
				A21A6E71250FA6BC00931BEE /* AnimeRequest.swift in Sources */,
				A203C0952515ABEC005AEFB3 /* TableViewController.swift in Sources */,
				A2233A4124D871F100C8BFDD /* ViewController.swift in Sources */,
				A21A6E73250FAF8900931BEE /* AnimeCollection.swift in Sources */,
				A2233A3D24D871F100C8BFDD /* AppDelegate.swift in Sources */,
				A2233A3F24D871F100C8BFDD /* SceneDelegate.swift in Sources */,
				A203C0992518B5F1005AEFB3 /* ViewControllerDETAIL.swift in Sources */,
			);
			runOnlyForDeploymentPostprocessing = 0;
		};
/* End PBXSourcesBuildPhase section */

/* Begin PBXVariantGroup section */
		A2233A4224D871F100C8BFDD /* Main.storyboard */ = {
			isa = PBXVariantGroup;
			children = (
				A2233A4324D871F100C8BFDD /* Base */,
			);
			name = Main.storyboard;
			sourceTree = "<group>";
		};
		A2233A4724D871F200C8BFDD /* LaunchScreen.storyboard */ = {
			isa = PBXVariantGroup;
			children = (
				A2233A4824D871F200C8BFDD /* Base */,
			);
			name = LaunchScreen.storyboard;
			sourceTree = "<group>";
		};
/* End PBXVariantGroup section */

/* Begin XCBuildConfiguration section */
		A2233A4B24D871F200C8BFDD /* Debug */ = {
			isa = XCBuildConfiguration;
			buildSettings = {
				ALWAYS_SEARCH_USER_PATHS = NO;
				CLANG_ANALYZER_NONNULL = YES;
				CLANG_ANALYZER_NUMBER_OBJECT_CONVERSION = YES_AGGRESSIVE;
				CLANG_CXX_LANGUAGE_STANDARD = "gnu++14";
				CLANG_CXX_LIBRARY = "libc++";
				CLANG_ENABLE_MODULES = YES;
				CLANG_ENABLE_OBJC_ARC = YES;
				CLANG_ENABLE_OBJC_WEAK = YES;
				CLANG_WARN_BLOCK_CAPTURE_AUTORELEASING = YES;
				CLANG_WARN_BOOL_CONVERSION = YES;
				CLANG_WARN_COMMA = YES;
				CLANG_WARN_CONSTANT_CONVERSION = YES;
				CLANG_WARN_DEPRECATED_OBJC_IMPLEMENTATIONS = YES;
				CLANG_WARN_DIRECT_OBJC_ISA_USAGE = YES_ERROR;
				CLANG_WARN_DOCUMENTATION_COMMENTS = YES;
				CLANG_WARN_EMPTY_BODY = YES;
				CLANG_WARN_ENUM_CONVERSION = YES;
				CLANG_WARN_INFINITE_RECURSION = YES;
				CLANG_WARN_INT_CONVERSION = YES;
				CLANG_WARN_NON_LITERAL_NULL_CONVERSION = YES;
				CLANG_WARN_OBJC_IMPLICIT_RETAIN_SELF = YES;
				CLANG_WARN_OBJC_LITERAL_CONVERSION = YES;
				CLANG_WARN_OBJC_ROOT_CLASS = YES_ERROR;
				CLANG_WARN_RANGE_LOOP_ANALYSIS = YES;
				CLANG_WARN_STRICT_PROTOTYPES = YES;
				CLANG_WARN_SUSPICIOUS_MOVE = YES;
				CLANG_WARN_UNGUARDED_AVAILABILITY = YES_AGGRESSIVE;
				CLANG_WARN_UNREACHABLE_CODE = YES;
				CLANG_WARN__DUPLICATE_METHOD_MATCH = YES;
				COPY_PHASE_STRIP = NO;
				DEBUG_INFORMATION_FORMAT = dwarf;
				ENABLE_STRICT_OBJC_MSGSEND = YES;
				ENABLE_TESTABILITY = YES;
				GCC_C_LANGUAGE_STANDARD = gnu11;
				GCC_DYNAMIC_NO_PIC = NO;
				GCC_NO_COMMON_BLOCKS = YES;
				GCC_OPTIMIZATION_LEVEL = 0;
				GCC_PREPROCESSOR_DEFINITIONS = (
					"DEBUG=1",
					"$(inherited)",
				);
				GCC_WARN_64_TO_32_BIT_CONVERSION = YES;
				GCC_WARN_ABOUT_RETURN_TYPE = YES_ERROR;
				GCC_WARN_UNDECLARED_SELECTOR = YES;
				GCC_WARN_UNINITIALIZED_AUTOS = YES_AGGRESSIVE;
				GCC_WARN_UNUSED_FUNCTION = YES;
				GCC_WARN_UNUSED_VARIABLE = YES;
				IPHONEOS_DEPLOYMENT_TARGET = 13.2;
				MTL_ENABLE_DEBUG_INFO = INCLUDE_SOURCE;
				MTL_FAST_MATH = YES;
				ONLY_ACTIVE_ARCH = YES;
				SDKROOT = iphoneos;
				SWIFT_ACTIVE_COMPILATION_CONDITIONS = DEBUG;
				SWIFT_OPTIMIZATION_LEVEL = "-Onone";
			};
			name = Debug;
		};
		A2233A4C24D871F200C8BFDD /* Release */ = {
			isa = XCBuildConfiguration;
			buildSettings = {
				ALWAYS_SEARCH_USER_PATHS = NO;
				CLANG_ANALYZER_NONNULL = YES;
				CLANG_ANALYZER_NUMBER_OBJECT_CONVERSION = YES_AGGRESSIVE;
				CLANG_CXX_LANGUAGE_STANDARD = "gnu++14";
				CLANG_CXX_LIBRARY = "libc++";
				CLANG_ENABLE_MODULES = YES;
				CLANG_ENABLE_OBJC_ARC = YES;
				CLANG_ENABLE_OBJC_WEAK = YES;
				CLANG_WARN_BLOCK_CAPTURE_AUTORELEASING = YES;
				CLANG_WARN_BOOL_CONVERSION = YES;
				CLANG_WARN_COMMA = YES;
				CLANG_WARN_CONSTANT_CONVERSION = YES;
				CLANG_WARN_DEPRECATED_OBJC_IMPLEMENTATIONS = YES;
				CLANG_WARN_DIRECT_OBJC_ISA_USAGE = YES_ERROR;
				CLANG_WARN_DOCUMENTATION_COMMENTS = YES;
				CLANG_WARN_EMPTY_BODY = YES;
				CLANG_WARN_ENUM_CONVERSION = YES;
				CLANG_WARN_INFINITE_RECURSION = YES;
				CLANG_WARN_INT_CONVERSION = YES;
				CLANG_WARN_NON_LITERAL_NULL_CONVERSION = YES;
				CLANG_WARN_OBJC_IMPLICIT_RETAIN_SELF = YES;
				CLANG_WARN_OBJC_LITERAL_CONVERSION = YES;
				CLANG_WARN_OBJC_ROOT_CLASS = YES_ERROR;
				CLANG_WARN_RANGE_LOOP_ANALYSIS = YES;
				CLANG_WARN_STRICT_PROTOTYPES = YES;
				CLANG_WARN_SUSPICIOUS_MOVE = YES;
				CLANG_WARN_UNGUARDED_AVAILABILITY = YES_AGGRESSIVE;
				CLANG_WARN_UNREACHABLE_CODE = YES;
				CLANG_WARN__DUPLICATE_METHOD_MATCH = YES;
				COPY_PHASE_STRIP = NO;
				DEBUG_INFORMATION_FORMAT = "dwarf-with-dsym";
				ENABLE_NS_ASSERTIONS = NO;
				ENABLE_STRICT_OBJC_MSGSEND = YES;
				GCC_C_LANGUAGE_STANDARD = gnu11;
				GCC_NO_COMMON_BLOCKS = YES;
				GCC_WARN_64_TO_32_BIT_CONVERSION = YES;
				GCC_WARN_ABOUT_RETURN_TYPE = YES_ERROR;
				GCC_WARN_UNDECLARED_SELECTOR = YES;
				GCC_WARN_UNINITIALIZED_AUTOS = YES_AGGRESSIVE;
				GCC_WARN_UNUSED_FUNCTION = YES;
				GCC_WARN_UNUSED_VARIABLE = YES;
				IPHONEOS_DEPLOYMENT_TARGET = 13.2;
				MTL_ENABLE_DEBUG_INFO = NO;
				MTL_FAST_MATH = YES;
				SDKROOT = iphoneos;
				SWIFT_COMPILATION_MODE = wholemodule;
				SWIFT_OPTIMIZATION_LEVEL = "-O";
				VALIDATE_PRODUCT = YES;
			};
			name = Release;
		};
		A2233A4E24D871F200C8BFDD /* Debug */ = {
			isa = XCBuildConfiguration;
			buildSettings = {
				ASSETCATALOG_COMPILER_APPICON_NAME = AppIcon;
				CODE_SIGN_STYLE = Automatic;
				DEVELOPMENT_TEAM = 33Z9Y466H2;
				INFOPLIST_FILE = AnimeStarts/Info.plist;
				LD_RUNPATH_SEARCH_PATHS = (
					"$(inherited)",
					"@executable_path/Frameworks",
				);
				PRODUCT_BUNDLE_IDENTIFIER = "com.sempai-desu.AnimeStarts";
				PRODUCT_NAME = "$(TARGET_NAME)";
				SWIFT_VERSION = 5.0;
				TARGETED_DEVICE_FAMILY = "1,2";
			};
			name = Debug;
		};
		A2233A4F24D871F200C8BFDD /* Release */ = {
			isa = XCBuildConfiguration;
			buildSettings = {
				ASSETCATALOG_COMPILER_APPICON_NAME = AppIcon;
				CODE_SIGN_STYLE = Automatic;
				DEVELOPMENT_TEAM = 33Z9Y466H2;
				INFOPLIST_FILE = AnimeStarts/Info.plist;
				LD_RUNPATH_SEARCH_PATHS = (
					"$(inherited)",
					"@executable_path/Frameworks",
				);
				PRODUCT_BUNDLE_IDENTIFIER = "com.sempai-desu.AnimeStarts";
				PRODUCT_NAME = "$(TARGET_NAME)";
				SWIFT_VERSION = 5.0;
				TARGETED_DEVICE_FAMILY = "1,2";
			};
			name = Release;
		};
/* End XCBuildConfiguration section */

/* Begin XCConfigurationList section */
		A2233A3424D871F000C8BFDD /* Build configuration list for PBXProject "AnimeStarts" */ = {
			isa = XCConfigurationList;
			buildConfigurations = (
				A2233A4B24D871F200C8BFDD /* Debug */,
				A2233A4C24D871F200C8BFDD /* Release */,
			);
			defaultConfigurationIsVisible = 0;
			defaultConfigurationName = Release;
		};
		A2233A4D24D871F200C8BFDD /* Build configuration list for PBXNativeTarget "AnimeStarts" */ = {
			isa = XCConfigurationList;
			buildConfigurations = (
				A2233A4E24D871F200C8BFDD /* Debug */,
				A2233A4F24D871F200C8BFDD /* Release */,
			);
			defaultConfigurationIsVisible = 0;
			defaultConfigurationName = Release;
		};
/* End XCConfigurationList section */
	};
	rootObject = A2233A3124D871F000C8BFDD /* Project object */;
}
